cloud.google.com/go v0.23.0 h1:w1svupRqvZnfjN9+KksMiggoIRQuMzWkVzpxcR96xDs=
cloud.google.com/go v0.23.0/go.mod h1:aQUYkXzVsufM+DwF1aE+0xfcU+56JwCaLick0ClmMTw=
cloud.google.com/go v0.26.0/go.mod h1:aQUYkXzVsufM+DwF1aE+0xfcU+56JwCaLick0ClmMTw=
github.com/BurntSushi/toml v0.3.1/go.mod h1:xHWCNGjB5oqiDr8zfno3MHue2Ht5sIBksp03qcyfWMU=
github.com/DataDog/datadog-go v0.0.0-20180822151419-281ae9f2d895 h1:dmc/C8bpE5VkQn65PNbbyACDC8xw8Hpp/NEurdPmQDQ=
github.com/DataDog/datadog-go v0.0.0-20180822151419-281ae9f2d895/go.mod h1:LButxg5PwREeZtORoXG3tL4fMGNddJ+vMq1mwgfaqoQ=
github.com/ThalesIgnite/crypto11 v0.0.0-20180625122339-a49ec8bedc9a h1:xMG7jdtOarj7yeFJFLPTijX7tW2OuiiEH6CflqAx7S8=
github.com/ThalesIgnite/crypto11 v0.0.0-20180625122339-a49ec8bedc9a/go.mod h1:DdvQlzHSrdXwhcXCWY6o1HquZycJyAwsXXpKlk1+rww=
github.com/aws/aws-sdk-go v1.13.59 h1:mLYuaNlYoEfO8kP7qoIY07R0VOvEz5wtO+IiR5c/y3w=
github.com/aws/aws-sdk-go v1.13.59/go.mod h1:ZRmQr0FajVIyZ4ZzBYKG5P3ZqPz9IHG41ZoMu1ADI3k=
github.com/client9/misspell v0.3.4/go.mod h1:qj6jICC3Q7zFZvVWo7KLAzC3yx5G7kyvSDkc90ppPyw=
github.com/fatih/color v1.7.0 h1:DkWD4oS2D8LGGgTQ6IvwJJXSL5Vp2ffcQg58nFV38Ys=
github.com/fatih/color v1.7.0/go.mod h1:Zm6kSWBoL9eyXnKyktHP6abPY2pDugNf5KwzbycvMj4=
github.com/go-ini/ini v1.38.1 h1:hbtfM8emWUVo9GnXSloXYyFbXxZ+tG6sbepSStoe1FY=
github.com/go-ini/ini v1.38.1/go.mod h1:ByCAeIL28uOIIG0E3PJtZPDL8WnHpFKFOtgjp+3Ies8=
github.com/golang/glog v0.0.0-20160126235308-23def4e6c14b h1:VKtxabqXZkF25pY9ekfRL6a582T4P37/31XEstQ5p58=
github.com/golang/glog v0.0.0-20160126235308-23def4e6c14b/go.mod h1:SBH7ygxi8pfUlaOkMMuAQtPIUF8ecWP5IEl/CR7VP2Q=
github.com/golang/mock v1.1.1/go.mod h1:oTYuIxOrZwtPieC+H1uAHpcLFnEyAGVDL/k47Jfbm0A=
github.com/golang/protobuf v1.1.0 h1:0iH4Ffd/meGoXqF2lSAhZHt8X+cPgkfn/cb6Cce5Vpc=
github.com/golang/protobuf v1.1.0/go.mod h1:6lQm79b+lXiMfvg/cZm0SGofjICqVBUtrP5yJMmIC1U=
github.com/golang/protobuf v1.3.2 h1:6nsPYzhq5kReh6QImI3k5qWzO4PEbvbIW2cwSfR/6xs=
github.com/golang/protobuf v1.3.2/go.mod h1:6lQm79b+lXiMfvg/cZm0SGofjICqVBUtrP5yJMmIC1U=
github.com/google/go-cmp v0.2.0/go.mod h1:oXzfMopK8JAjlY9xF4vHSVASa0yLyX7SntLO5aqRK0M=
github.com/gorilla/mux v1.6.2 h1:Pgr17XVTNXAk3q/r4CpKzC5xBM/qW1uVLV+IhRZpIIk=
github.com/gorilla/mux v1.6.2/go.mod h1:1lud6UwP+6orDFRuTfBEV8e9/aOM/c4fVVCaMa2zaAs=
github.com/goware/prefixer v0.0.0-20160118172347-395022866408 h1:Y9iQJfEqnN3/Nce9cOegemcy/9Ai5k3huT6E80F3zaw=
github.com/goware/prefixer v0.0.0-20160118172347-395022866408/go.mod h1:PE1ycukgRPJ7bJ9a1fdfQ9j8i/cEcRAoLZzbxYpNB/s=
github.com/hashicorp/golang-lru v0.0.0-20180201235237-0fb14efe8c47 h1:UnszMmmmm5vLwWzDjTFVIkfhvWF1NdrmChl8L2NUDCw=
github.com/hashicorp/golang-lru v0.0.0-20180201235237-0fb14efe8c47/go.mod h1:/m3WP610KZHVQ1SGc6re/UDhFvYD7pJ4Ao+sR/qLZy8=
github.com/howeyc/gopass v0.0.0-20170109162249-bf9dde6d0d2c h1:kQWxfPIHVLbgLzphqk3QUflDy9QdksZR4ygR807bpy0=
github.com/howeyc/gopass v0.0.0-20170109162249-bf9dde6d0d2c/go.mod h1:lADxMC39cJJqL93Duh1xhAs4I2Zs8mKS89XWXFGp9cs=
github.com/jmespath/go-jmespath v0.0.0-20180206201540-c2b33e8439af h1:pmfjZENx5imkbgOkpRUYLnmbU7UEFbjtDA2hxJ1ichM=
github.com/jmespath/go-jmespath v0.0.0-20180206201540-c2b33e8439af/go.mod h1:Nht3zPeWKUH0NzdCt2Blrr5ys8VGpn0CEB0cQHVjt7k=
github.com/lib/pq v0.0.0-20180523175426-90697d60dd84 h1:it29sI2IM490luSc3RAhp5WuCYnc6RtbfLVAB7nmC5M=
github.com/lib/pq v0.0.0-20180523175426-90697d60dd84/go.mod h1:5WUZQaWbwv1U+lTReE5YruASi9Al49XbQIvNi/34Woo=
github.com/mattn/go-colorable v0.0.9 h1:UVL0vNpWh04HeJXV0KLcaT7r06gOH2l4OW6ddYRUIY4=
github.com/mattn/go-colorable v0.0.9/go.mod h1:9vuHe8Xs5qXnSaW/c/ABM9alt+Vo+STaOChaDxuIBZU=
github.com/mattn/go-isatty v0.0.3 h1:ns/ykhmWi7G9O+8a448SecJU3nSMBXJfqQkl0upE1jI=
github.com/mattn/go-isatty v0.0.3/go.mod h1:M+lRXTBqGeGNdLjl/ufCoiOlB5xdOkqRJdNxMWT7Zi4=
github.com/miekg/pkcs11 v0.0.0-20180425180052-287d9350987c h1:b4C1I45eTE1QpVdxxNcA4z/ZJphn+sSSzwrA/8ENUtI=
github.com/miekg/pkcs11 v0.0.0-20180425180052-287d9350987c/go.mod h1:WCBAbTOdfhHhz7YXujeZMF7owC4tPb1naKFsgfUISjo=
github.com/mitchellh/go-wordwrap v0.0.0-20150314170334-ad45545899c7 h1:DpOJ2HYzCv8LZP15IdmG+YdwD2luVPHITV96TkirNBM=
github.com/mitchellh/go-wordwrap v0.0.0-20150314170334-ad45545899c7/go.mod h1:ZXFpozHsX6DPmq2I0TCekCxypsnAUbP2oI0UX1GXzOo=
github.com/mozilla-services/yaml v0.0.0-20180223174101-3cf514db71fc h1:X10iY34m4ma1YBhMEqECO5AmnhGOPE8mKe/DmGePS94=
github.com/mozilla-services/yaml v0.0.0-20180223174101-3cf514db71fc/go.mod h1:Is/Ucts/yU/mWyGR8yELRoO46mejouKsJfQLAIfTR18=
github.com/pkg/errors v0.8.0 h1:WdK/asTD0HN+q6hsWO3/vpuAkAr+tw6aNJNDFFf0+qw=
github.com/pkg/errors v0.8.0/go.mod h1:bwawxfHBFNV+L2hUp1rHADufV3IMtnDRdf1r5NINEl0=
github.com/sirupsen/logrus v1.0.5 h1:8c8b5uO0zS4X6RPl/sd1ENwSkIc0/H2PaHxE3udaE8I=
github.com/sirupsen/logrus v1.0.5/go.mod h1:pMByvHTf9Beacp5x1UXfOR9xyW/9antXMhjMPG0dEzc=
github.com/ugorji/go v1.1.1 h1:gmervu+jDMvXTbcHQ0pd2wee85nEoE0BsVyEuzkfK8w=
github.com/ugorji/go v1.1.1/go.mod h1:hnLbHMwcvSihnDhEfx2/BzKp2xb0Y+ErdfYcrs9tkJQ=
github.com/youtube/vitess v2.1.1+incompatible h1:SE+P7DNX/jw5RHFs5CHRhZQjq402EJFCD33JhzQMdDw=
github.com/youtube/vitess v2.1.1+incompatible/go.mod h1:hpMim5/30F1r+0P8GGtB29d0gWHr0IZ5unS+CG0zMx8=
go.mozilla.org/autograph v0.0.0-20180530150302-319dbedaa719 h1:8T0rQRBFdcMOHzgv1GGMdjE80ma5FyG81HtzjFFV++U=
go.mozilla.org/autograph v0.0.0-20180530150302-319dbedaa719/go.mod h1:ncXQFzz/v/CuLg/l4uqX77HhXGo3zIaECh6MHTRCF3o=
go.mozilla.org/autograph v0.0.0-20180720200854-d6a77dd438ca h1:ZK7dNOovxOYZuvJAhe/yYFn161WCBijcSMMAQwrqGTE=
go.mozilla.org/autograph v0.0.0-20180720200854-d6a77dd438ca/go.mod h1:ncXQFzz/v/CuLg/l4uqX77HhXGo3zIaECh6MHTRCF3o=
go.mozilla.org/autograph v0.0.0-20181011130409-bbb33dd2ff13 h1:+g/H194jV0//UocaVZ2xNR6obAC2rCEWC13UluwmrhY=
go.mozilla.org/autograph v0.0.0-20181011130409-bbb33dd2ff13/go.mod h1:ncXQFzz/v/CuLg/l4uqX77HhXGo3zIaECh6MHTRCF3o=
go.mozilla.org/cose v0.0.0-20180718182446-1eaf5a0651d7 h1:48nVX3Z0sRseA3gzfov2MqX3yQBNCofDBxELBJY3nLQ=
go.mozilla.org/cose v0.0.0-20180718182446-1eaf5a0651d7/go.mod h1:v4kQ18+/r200i6QSkLG8UKX0AL+chEzGK/R0VmPittk=
go.mozilla.org/gopgagent v0.0.0-20170926210634-4d7ea76ff71a h1:N7VD+PwpJME2ZfQT8+ejxwA4Ow10IkGbU0MGf94ll8k=
go.mozilla.org/gopgagent v0.0.0-20170926210634-4d7ea76ff71a/go.mod h1:YDKUvO0b//78PaaEro6CAPH6NqohCmL2Cwju5XI2HoE=
go.mozilla.org/hawk v0.0.0-20160602144717-b9704677ebef h1:JV5qfNZf3mHRvAErsKam3TKQ3QXJC9BdP14YJRDei1w=
go.mozilla.org/hawk v0.0.0-20160602144717-b9704677ebef/go.mod h1:ios+sJANmPARsTCF4LHZNaCVQna3TvwS+ECs/Y2GONU=
go.mozilla.org/mar v0.0.0-20180627123731-b04b40e80348 h1:F8TjHiau9FG5xDWo6ndBfWt5UM5AuRJ4qUciHpSVjoI=
go.mozilla.org/mar v0.0.0-20180627123731-b04b40e80348/go.mod h1:BIzqT/Wm/HHBX0meahRdBRhJFXMa9F+G+AJluKduJJs=
go.mozilla.org/mar v0.0.0-20181114132738-e3bc898d8f19 h1:tprcOcdzob+lIhN/vL7oV3uHdImoF0YoRSqJhPc6SRY=
go.mozilla.org/mar v0.0.0-20181114132738-e3bc898d8f19/go.mod h1:BIzqT/Wm/HHBX0meahRdBRhJFXMa9F+G+AJluKduJJs=
go.mozilla.org/mozlog v0.0.0-20170222151521-4bb13139d403 h1:rKyWXYDfrVOpMFBion4Pmx5sJbQreQNXycHvm4KwJSg=
go.mozilla.org/mozlog v0.0.0-20170222151521-4bb13139d403/go.mod h1:jHoPAGnDrCy6kaI2tAze5Prf0Nr0w/oNkROt2lw3n3o=
go.mozilla.org/mozlogrus v1.0.0 h1:8FWASFDozt1q1B+j6EoSBt62YN4k7nMWFLb3VyawXzA=
go.mozilla.org/mozlogrus v1.0.0/go.mod h1:bg4v22liQ+tLlQ6nI56e5C7Xe8AqEU4xDdEpWoCzQ6M=
go.mozilla.org/pkcs7 v0.0.0-20180321134453-930bd84804d7 h1:Rz9s+O93R8ymstr/94kYtABRNG3O4KIzuAdi3Ygt4+4=
go.mozilla.org/pkcs7 v0.0.0-20180321134453-930bd84804d7/go.mod h1:5fWP3IVYEMc04wC+lMJAfkmNmKAl2P1swVv8VS+URZ8=
go.mozilla.org/sops v0.0.0-20180531162322-5e8d1390eb4c h1:4fWdiyhdkO372kXnGWqdxCS9O+kHigWRdqq9PbvWmIg=
go.mozilla.org/sops v0.0.0-20180531162322-5e8d1390eb4c/go.mod h1:njv+SYMHy9urU/V330aYWmWAP6EwAfN0WaRafSBgwfs=
golang.org/x/crypto v0.0.0-20180531191117-5ba7f6308246 h1:MZnJRoCTAuixTXohPACCXwD9zfTy41GBwmbTYq+ebCQ=
golang.org/x/crypto v0.0.0-20180531191117-5ba7f6308246/go.mod h1:6SG95UA2DQfeDnfUPMdvaQW0Q7yPrPDi9nlGo2tz2b4=
golang.org/x/crypto v0.0.0-20190308221718-c2843e01d9a2/go.mod h1:djNgcEr1/C05ACkg1iLfiJU5Ep61QUkGW8qpdssI0+w=
golang.org/x/lint v0.0.0-20190313153728-d0100b6bd8b3/go.mod h1:6SW0HCj/g11FgYtHlgUYUwCkIfeOF89ocIRzGO/8vkc=
golang.org/x/net v0.0.0-20180530234432-1e491301e022 h1:MVYFTUmVD3/+ERcvRRI+P/C2+WOUimXh+Pd8LVsklZ4=
golang.org/x/net v0.0.0-20180530234432-1e491301e022/go.mod h1:mL1N/T3taQHkDXs73rZJwtUhF3w3ftmwwsq0BUmARs4=
golang.org/x/net v0.0.0-20190311183353-d8887717615a h1:oWX7TPOiFAMXLq8o0ikBYfCJVlRHBcsciT5bXOrH628=
golang.org/x/net v0.0.0-20190311183353-d8887717615a/go.mod h1:t9HGtf8HONx5eT2rtn7q6eTqICYqUVnKs3thJo3Qplg=
golang.org/x/oauth2 v0.0.0-20180529203656-ec22f46f877b h1:nCwwlzLoBQhkY/S3CJ2CGAU4pYfR8+5/TPGEHT+p5Nk=
golang.org/x/oauth2 v0.0.0-20180529203656-ec22f46f877b/go.mod h1:N/0e6XlmueqKjAGxoOufVs8QHGRruUQn6yWY3a++T0U=
golang.org/x/oauth2 v0.0.0-20180821212333-d2e6202438be/go.mod h1:N/0e6XlmueqKjAGxoOufVs8QHGRruUQn6yWY3a++T0U=
golang.org/x/sync v0.0.0-20190423024810-112230192c58/go.mod h1:RxMgew5VJxzue5/jJTE5uejpjVlOe/izrB70Jof72aM=
golang.org/x/sys v0.0.0-20180525142821-c11f84a56e43 h1:PvnWIWTbA7gsEBkKjt0HV9hckYfcqYv8s/ju7ArZ0do=
golang.org/x/sys v0.0.0-20180525142821-c11f84a56e43/go.mod h1:STP8DvDyc/dI5b8T5hshtkjS+E42TnysNCUPdjciGhY=
golang.org/x/sys v0.0.0-20190215142949-d0b11bdaac8a h1:1BGLXjeY4akVXGgbC9HugT3Jv3hCI0z56oJR5vAMgBU=
golang.org/x/sys v0.0.0-20190215142949-d0b11bdaac8a/go.mod h1:STP8DvDyc/dI5b8T5hshtkjS+E42TnysNCUPdjciGhY=
golang.org/x/text v0.3.0 h1:g61tztE5qeGQ89tm6NTjjM9VPIm088od1l6aSorWRWg=
golang.org/x/text v0.3.0/go.mod h1:NqM8EUOU14njkJ3fqMW+pc6Ldnwhi/IjpwHt7yyuwOQ=
golang.org/x/text v0.3.2 h1:tW2bmiBqwgJj/UpqtC8EpXEZVYOwU0yG4iWbprSVAcs=
golang.org/x/text v0.3.2/go.mod h1:bEr9sfX3Q8Zfm5fL9x+3itogRgK3+ptLWKqgva+5dAk=
golang.org/x/tools v0.0.0-20180917221912-90fa682c2a6e/go.mod h1:n7NCudcB/nEzxVGmLbDWY5pfWTLqBcC2KZ6jyYvM4mQ=
golang.org/x/tools v0.0.0-20190311212946-11955173bddd/go.mod h1:LCzVGOaR6xXOjkQ3onu1FJEFr0SW1gC7cKk1uF8kGRs=
golang.org/x/tools v0.0.0-20190524140312-2c0ae7006135/go.mod h1:RgjU9mgBXZiqYHBnxXauZ1Gv1EHHAz9KjViQ78xBX0Q=
google.golang.org/api v0.0.0-20180531231311-f71c6d4abd97 h1:L7p1/jskXiJiUtAOCMVDPKyazHzpi7H6CEvGbdGrB6I=
google.golang.org/api v0.0.0-20180531231311-f71c6d4abd97/go.mod h1:4mhQ8q/RsB7i+udVvVy5NUi08OU8ZlA0gRVgrF7VFY0=
google.golang.org/appengine v1.1.0/go.mod h1:EbEs0AVv82hx2wNQdGPgUI5lhzA/G0D9YwlJXL52JkM=
google.golang.org/genproto v0.0.0-20180531194445-4065a77fc542 h1:xFLyqDzeFAHe/keCnNR40Udo4nXHnSOtQJVEJATtqe4=
google.golang.org/genproto v0.0.0-20180531194445-4065a77fc542/go.mod h1:JiN7NxoALGmiZfu7CAH4rXhgtRTLTxftemlI0sWmxmc=
google.golang.org/genproto v0.0.0-20180817151627-c66870c02cf8 h1:Nw54tB0rB7hY/N0NQvRW8DG4Yk3Q6T9cu9RcFQDu1tc=
google.golang.org/genproto v0.0.0-20180817151627-c66870c02cf8/go.mod h1:JiN7NxoALGmiZfu7CAH4rXhgtRTLTxftemlI0sWmxmc=
google.golang.org/grpc v1.12.0 h1:Mm8atZtkT+P6R43n/dqNDWkPPu5BwRVu/1rJnJCeZH8=
google.golang.org/grpc v1.12.0/go.mod h1:yo6s7OP7yaDglbqo1J04qKzAhqBH6lvTonzMVmEdcZw=
google.golang.org/grpc v1.24.0 h1:vb/1TCsVn3DcJlQ0Gs1yB1pKI6Do2/QNwxdKqmc/b0s=
google.golang.org/grpc v1.24.0/go.mod h1:XDChyiUovWa60DnaeDeZmSW86xtLtjtZbwvSiRnRtcA=
gopkg.in/check.v1 v0.0.0-20161208181325-20d25e280405/go.mod h1:Co6ibVJAznAaIkqp8huTwlJQCZ016jof/cbN4VW5Yz0=
gopkg.in/yaml.v2 v2.2.1 h1:mUhvW9EsL+naU5Q3cakzfE91YhliOondGd6ZrsDBHQE=
gopkg.in/yaml.v2 v2.2.1/go.mod h1:hI93XBmqTisBFMUTm0b8Fm+jr3Dg1NNxqwp+5A1VGuI=
honnef.co/go/tools v0.0.0-20190523083050-ea95bdfd59fc/go.mod h1:rf3lG4BRIbNafJWhAfAdb/ePZxsR/4RtNHQocxwk9r4=
